
Microsoft Visual Studio Solution File, Format Version 12.00
# Visual Studio Version 16
VisualStudioVersion = 16.0.30204.135
MinimumVisualStudioVersion = 10.0.40219.1
Project("{FAE04EC0-301F-11D3-BF4B-00C04F79EFBC}") = "TPCGuzman", "TPCGuzman\TPCGuzman.csproj", "{6F139CDC-DED5-422F-95F6-CC8E7EF46EFE}"
EndProject
Project("{FAE04EC0-301F-11D3-BF4B-00C04F79EFBC}") = "Dominio", "Dominio\Dominio.csproj", "{2D25E828-9CD9-4E19-A617-9B9A7084C38B}"
EndProject
Project("{FAE04EC0-301F-11D3-BF4B-00C04F79EFBC}") = "Negocio", "Negocio\Negocio.csproj", "{90902CCB-9675-4E35-85DF-9A348D76933D}"
EndProject
Project("{FAE04EC0-301F-11D3-BF4B-00C04F79EFBC}") = "AccesoADatos", "AccesoADatos\AccesoADatos.csproj", "{9DC01031-AED7-47D7-9300-466AAC1162E8}"
EndProject
Global
	GlobalSection(SolutionConfigurationPlatforms) = preSolution
		Debug|Any CPU = Debug|Any CPU
		Release|Any CPU = Release|Any CPU
	EndGlobalSection
	GlobalSection(ProjectConfigurationPlatforms) = postSolution
		{6F139CDC-DED5-422F-95F6-CC8E7EF46EFE}.Debug|Any CPU.ActiveCfg = Debug|Any CPU
		{6F139CDC-DED5-422F-95F6-CC8E7EF46EFE}.Debug|Any CPU.Build.0 = Debug|Any CPU
		{6F139CDC-DED5-422F-95F6-CC8E7EF46EFE}.Release|Any CPU.ActiveCfg = Release|Any CPU
		{6F139CDC-DED5-422F-95F6-CC8E7EF46EFE}.Release|Any CPU.Build.0 = Release|Any CPU
		{2D25E828-9CD9-4E19-A617-9B9A7084C38B}.Debug|Any CPU.ActiveCfg = Debug|Any CPU
		{2D25E828-9CD9-4E19-A617-9B9A7084C38B}.Debug|Any CPU.Build.0 = Debug|Any CPU
		{2D25E828-9CD9-4E19-A617-9B9A7084C38B}.Release|Any CPU.ActiveCfg = Release|Any CPU
		{2D25E828-9CD9-4E19-A617-9B9A7084C38B}.Release|Any CPU.Build.0 = Release|Any CPU
		{90902CCB-9675-4E35-85DF-9A348D76933D}.Debug|Any CPU.ActiveCfg = Debug|Any CPU
		{90902CCB-9675-4E35-85DF-9A348D76933D}.Debug|Any CPU.Build.0 = Debug|Any CPU
		{90902CCB-9675-4E35-85DF-9A348D76933D}.Release|Any CPU.ActiveCfg = Release|Any CPU
		{90902CCB-9675-4E35-85DF-9A348D76933D}.Release|Any CPU.Build.0 = Release|Any CPU
		{9DC01031-AED7-47D7-9300-466AAC1162E8}.Debug|Any CPU.ActiveCfg = Debug|Any CPU
		{9DC01031-AED7-47D7-9300-466AAC1162E8}.Debug|Any CPU.Build.0 = Debug|Any CPU
		{9DC01031-AED7-47D7-9300-466AAC1162E8}.Release|Any CPU.ActiveCfg = Release|Any CPU
		{9DC01031-AED7-47D7-9300-466AAC1162E8}.Release|Any CPU.Build.0 = Release|Any CPU
	EndGlobalSection
	GlobalSection(SolutionProperties) = preSolution
		HideSolutionNode = FALSE
	EndGlobalSection
	GlobalSection(ExtensibilityGlobals) = postSolution
		SolutionGuid = {EC00BA7F-FE4A-4431-BFB8-083AD9005D07}
	EndGlobalSection
EndGlobal
